
Microsoft Visual Studio Solution File, Format Version 12.00
# Visual Studio 2012
Project("{FAE04EC0-301F-11D3-BF4B-00C04F79EFBC}") = "NlpVisualizer", "NlpVisualizer.csproj", "{DCB85EB4-6313-4CE2-ABB9-97B64E050665}"
EndProject
Project("{FAE04EC0-301F-11D3-BF4B-00C04F79EFBC}") = "AlchemyAPI", "..\AlchemyAPI\AlchemyAPI.csproj", "{59A423CE-7E76-48A2-BD12-CDFE99139DD2}"
EndProject
Project("{FAE04EC0-301F-11D3-BF4B-00C04F79EFBC}") = "Lib", "..\Lib\Lib.csproj", "{8313901B-4B9F-47AB-A256-0AC7EE28E41D}"
EndProject
Global
	GlobalSection(SolutionConfigurationPlatforms) = preSolution
		Debug|Any CPU = Debug|Any CPU
		Release|Any CPU = Release|Any CPU
	EndGlobalSection
	GlobalSection(ProjectConfigurationPlatforms) = postSolution
		{DCB85EB4-6313-4CE2-ABB9-97B64E050665}.Debug|Any CPU.ActiveCfg = Debug|Any CPU
		{DCB85EB4-6313-4CE2-ABB9-97B64E050665}.Debug|Any CPU.Build.0 = Debug|Any CPU
		{DCB85EB4-6313-4CE2-ABB9-97B64E050665}.Release|Any CPU.ActiveCfg = Release|Any CPU
		{DCB85EB4-6313-4CE2-ABB9-97B64E050665}.Release|Any CPU.Build.0 = Release|Any CPU
		{59A423CE-7E76-48A2-BD12-CDFE99139DD2}.Debug|Any CPU.ActiveCfg = Debug|Any CPU
		{59A423CE-7E76-48A2-BD12-CDFE99139DD2}.Debug|Any CPU.Build.0 = Debug|Any CPU
		{59A423CE-7E76-48A2-BD12-CDFE99139DD2}.Release|Any CPU.ActiveCfg = Release|Any CPU
		{59A423CE-7E76-48A2-BD12-CDFE99139DD2}.Release|Any CPU.Build.0 = Release|Any CPU
		{8313901B-4B9F-47AB-A256-0AC7EE28E41D}.Debug|Any CPU.ActiveCfg = Debug|Any CPU
		{8313901B-4B9F-47AB-A256-0AC7EE28E41D}.Debug|Any CPU.Build.0 = Debug|Any CPU
		{8313901B-4B9F-47AB-A256-0AC7EE28E41D}.Release|Any CPU.ActiveCfg = Release|Any CPU
		{8313901B-4B9F-47AB-A256-0AC7EE28E41D}.Release|Any CPU.Build.0 = Release|Any CPU
	EndGlobalSection
	GlobalSection(SolutionProperties) = preSolution
		HideSolutionNode = FALSE
	EndGlobalSection
EndGlobal
